// !$*UTF8*$!
{
	archiveVersion = 1;
	classes = {
	};
	objectVersion = 56;
	objects = {

/* Begin PBXBuildFile section */
		96992ECA2B7724550083532E /* WorldTourGuideApp.swift in Sources */ = {isa = PBXBuildFile; fileRef = 96992EC92B7724550083532E /* WorldTourGuideApp.swift */; };
		96992ECC2B7724550083532E /* ContentView.swift in Sources */ = {isa = PBXBuildFile; fileRef = 96992ECB2B7724550083532E /* ContentView.swift */; };
		96992ED12B7724560083532E /* Preview Assets.xcassets in Resources */ = {isa = PBXBuildFile; fileRef = 96992ED02B7724560083532E /* Preview Assets.xcassets */; };
		96992ED82B7724D70083532E /* Assets.xcassets in Resources */ = {isa = PBXBuildFile; fileRef = 96992ED72B7724D60083532E /* Assets.xcassets */; };
		96992EDA2B7724DE0083532E /* LocationsDataService.swift in Sources */ = {isa = PBXBuildFile; fileRef = 96992ED92B7724DE0083532E /* LocationsDataService.swift */; };
		96992EDF2B7725E70083532E /* Location.swift in Sources */ = {isa = PBXBuildFile; fileRef = 96992EDE2B7725E70083532E /* Location.swift */; };
		96992EE22B77284D0083532E /* LocationsView.swift in Sources */ = {isa = PBXBuildFile; fileRef = 96992EE12B77284D0083532E /* LocationsView.swift */; };
		96992EE42B772B240083532E /* LocationsViewModel.swift in Sources */ = {isa = PBXBuildFile; fileRef = 96992EE32B772B240083532E /* LocationsViewModel.swift */; };
		96992EE62B7756180083532E /* LocationsListView.swift in Sources */ = {isa = PBXBuildFile; fileRef = 96992EE52B7756180083532E /* LocationsListView.swift */; };
		96992EE82B7780D80083532E /* LocationPreviewView.swift in Sources */ = {isa = PBXBuildFile; fileRef = 96992EE72B7780D80083532E /* LocationPreviewView.swift */; };
/* End PBXBuildFile section */

/* Begin PBXFileReference section */
		96992EC62B7724550083532E /* WorldTourGuide.app */ = {isa = PBXFileReference; explicitFileType = wrapper.application; includeInIndex = 0; path = WorldTourGuide.app; sourceTree = BUILT_PRODUCTS_DIR; };
		96992EC92B7724550083532E /* WorldTourGuideApp.swift */ = {isa = PBXFileReference; lastKnownFileType = sourcecode.swift; path = WorldTourGuideApp.swift; sourceTree = "<group>"; };
		96992ECB2B7724550083532E /* ContentView.swift */ = {isa = PBXFileReference; lastKnownFileType = sourcecode.swift; path = ContentView.swift; sourceTree = "<group>"; };
		96992ED02B7724560083532E /* Preview Assets.xcassets */ = {isa = PBXFileReference; lastKnownFileType = folder.assetcatalog; path = "Preview Assets.xcassets"; sourceTree = "<group>"; };
		96992ED72B7724D60083532E /* Assets.xcassets */ = {isa = PBXFileReference; lastKnownFileType = folder.assetcatalog; path = Assets.xcassets; sourceTree = "<group>"; };
		96992ED92B7724DE0083532E /* LocationsDataService.swift */ = {isa = PBXFileReference; fileEncoding = 4; lastKnownFileType = sourcecode.swift; path = LocationsDataService.swift; sourceTree = "<group>"; };
		96992EDE2B7725E70083532E /* Location.swift */ = {isa = PBXFileReference; lastKnownFileType = sourcecode.swift; path = Location.swift; sourceTree = "<group>"; };
		96992EE12B77284D0083532E /* LocationsView.swift */ = {isa = PBXFileReference; lastKnownFileType = sourcecode.swift; path = LocationsView.swift; sourceTree = "<group>"; };
		96992EE32B772B240083532E /* LocationsViewModel.swift */ = {isa = PBXFileReference; lastKnownFileType = sourcecode.swift; path = LocationsViewModel.swift; sourceTree = "<group>"; };
		96992EE52B7756180083532E /* LocationsListView.swift */ = {isa = PBXFileReference; lastKnownFileType = sourcecode.swift; path = LocationsListView.swift; sourceTree = "<group>"; };
		96992EE72B7780D80083532E /* LocationPreviewView.swift */ = {isa = PBXFileReference; lastKnownFileType = sourcecode.swift; path = LocationPreviewView.swift; sourceTree = "<group>"; };
/* End PBXFileReference section */

/* Begin PBXFrameworksBuildPhase section */
		96992EC32B7724550083532E /* Frameworks */ = {
			isa = PBXFrameworksBuildPhase;
			buildActionMask = 2147483647;
			files = (
			);
			runOnlyForDeploymentPostprocessing = 0;
		};
/* End PBXFrameworksBuildPhase section */

/* Begin PBXGroup section */
		96992EBD2B7724550083532E = {
			isa = PBXGroup;
			children = (
				96992EC82B7724550083532E /* WorldTourGuide */,
				96992EC72B7724550083532E /* Products */,
			);
			sourceTree = "<group>";
		};
		96992EC72B7724550083532E /* Products */ = {
			isa = PBXGroup;
			children = (
				96992EC62B7724550083532E /* WorldTourGuide.app */,
			);
			name = Products;
			sourceTree = "<group>";
		};
		96992EC82B7724550083532E /* WorldTourGuide */ = {
			isa = PBXGroup;
			children = (
				96992EC92B7724550083532E /* WorldTourGuideApp.swift */,
				96992ECB2B7724550083532E /* ContentView.swift */,
				96992EE02B7726D40083532E /* DataServices */,
				96992EDC2B7725B60083532E /* Views */,
				96992EDD2B7725C20083532E /* ViewModels */,
				96992EDB2B7725AF0083532E /* Models */,
				96992ED72B7724D60083532E /* Assets.xcassets */,
				96992ECF2B7724560083532E /* Preview Content */,
			);
			path = WorldTourGuide;
			sourceTree = "<group>";
		};
		96992ECF2B7724560083532E /* Preview Content */ = {
			isa = PBXGroup;
			children = (
				96992ED02B7724560083532E /* Preview Assets.xcassets */,
			);
			path = "Preview Content";
			sourceTree = "<group>";
		};
		96992EDB2B7725AF0083532E /* Models */ = {
			isa = PBXGroup;
			children = (
				96992EDE2B7725E70083532E /* Location.swift */,
			);
			path = Models;
			sourceTree = "<group>";
		};
		96992EDC2B7725B60083532E /* Views */ = {
			isa = PBXGroup;
			children = (
				96992EE12B77284D0083532E /* LocationsView.swift */,
				96992EE52B7756180083532E /* LocationsListView.swift */,
				96992EE72B7780D80083532E /* LocationPreviewView.swift */,
			);
			path = Views;
			sourceTree = "<group>";
		};
		96992EDD2B7725C20083532E /* ViewModels */ = {
			isa = PBXGroup;
			children = (
				96992EE32B772B240083532E /* LocationsViewModel.swift */,
			);
			path = ViewModels;
			sourceTree = "<group>";
		};
		96992EE02B7726D40083532E /* DataServices */ = {
			isa = PBXGroup;
			children = (
				96992ED92B7724DE0083532E /* LocationsDataService.swift */,
			);
			path = DataServices;
			sourceTree = "<group>";
		};
/* End PBXGroup section */

/* Begin PBXNativeTarget section */
		96992EC52B7724550083532E /* WorldTourGuide */ = {
			isa = PBXNativeTarget;
			buildConfigurationList = 96992ED42B7724560083532E /* Build configuration list for PBXNativeTarget "WorldTourGuide" */;
			buildPhases = (
				96992EC22B7724550083532E /* Sources */,
				96992EC32B7724550083532E /* Frameworks */,
				96992EC42B7724550083532E /* Resources */,
			);
			buildRules = (
			);
			dependencies = (
			);
			name = WorldTourGuide;
			productName = WorldTourGuide;
			productReference = 96992EC62B7724550083532E /* WorldTourGuide.app */;
			productType = "com.apple.product-type.application";
		};
/* End PBXNativeTarget section */

/* Begin PBXProject section */
		96992EBE2B7724550083532E /* Project object */ = {
			isa = PBXProject;
			attributes = {
				BuildIndependentTargetsInParallel = 1;
				LastSwiftUpdateCheck = 1520;
				LastUpgradeCheck = 1520;
				TargetAttributes = {
					96992EC52B7724550083532E = {
						CreatedOnToolsVersion = 15.2;
					};
				};
			};
			buildConfigurationList = 96992EC12B7724550083532E /* Build configuration list for PBXProject "WorldTourGuide" */;
			compatibilityVersion = "Xcode 14.0";
			developmentRegion = en;
			hasScannedForEncodings = 0;
			knownRegions = (
				en,
				Base,
			);
			mainGroup = 96992EBD2B7724550083532E;
			productRefGroup = 96992EC72B7724550083532E /* Products */;
			projectDirPath = "";
			projectRoot = "";
			targets = (
				96992EC52B7724550083532E /* WorldTourGuide */,
			);
		};
/* End PBXProject section */

/* Begin PBXResourcesBuildPhase section */
		96992EC42B7724550083532E /* Resources */ = {
			isa = PBXResourcesBuildPhase;
			buildActionMask = 2147483647;
			files = (
				96992ED82B7724D70083532E /* Assets.xcassets in Resources */,
				96992ED12B7724560083532E /* Preview Assets.xcassets in Resources */,
			);
			runOnlyForDeploymentPostprocessing = 0;
		};
/* End PBXResourcesBuildPhase section */

/* Begin PBXSourcesBuildPhase section */
		96992EC22B7724550083532E /* Sources */ = {
			isa = PBXSourcesBuildPhase;
			buildActionMask = 2147483647;
			files = (
				96992ECC2B7724550083532E /* ContentView.swift in Sources */,
				96992EE62B7756180083532E /* LocationsListView.swift in Sources */,
				96992EE82B7780D80083532E /* LocationPreviewView.swift in Sources */,
				96992EE42B772B240083532E /* LocationsViewModel.swift in Sources */,
				96992ECA2B7724550083532E /* WorldTourGuideApp.swift in Sources */,
				96992EE22B77284D0083532E /* LocationsView.swift in Sources */,
				96992EDF2B7725E70083532E /* Location.swift in Sources */,
				96992EDA2B7724DE0083532E /* LocationsDataService.swift in Sources */,
			);
			runOnlyForDeploymentPostprocessing = 0;
		};
/* End PBXSourcesBuildPhase section */

/* Begin XCBuildConfiguration section */
		96992ED22B7724560083532E /* Debug */ = {
			isa = XCBuildConfiguration;
			buildSettings = {
				ALWAYS_SEARCH_USER_PATHS = NO;
				ASSETCATALOG_COMPILER_GENERATE_SWIFT_ASSET_SYMBOL_EXTENSIONS = YES;
				CLANG_ANALYZER_NONNULL = YES;
				CLANG_ANALYZER_NUMBER_OBJECT_CONVERSION = YES_AGGRESSIVE;
				CLANG_CXX_LANGUAGE_STANDARD = "gnu++20";
				CLANG_ENABLE_MODULES = YES;
				CLANG_ENABLE_OBJC_ARC = YES;
				CLANG_ENABLE_OBJC_WEAK = YES;
				CLANG_WARN_BLOCK_CAPTURE_AUTORELEASING = YES;
				CLANG_WARN_BOOL_CONVERSION = YES;
				CLANG_WARN_COMMA = YES;
				CLANG_WARN_CONSTANT_CONVERSION = YES;
				CLANG_WARN_DEPRECATED_OBJC_IMPLEMENTATIONS = YES;
				CLANG_WARN_DIRECT_OBJC_ISA_USAGE = YES_ERROR;
				CLANG_WARN_DOCUMENTATION_COMMENTS = YES;
				CLANG_WARN_EMPTY_BODY = YES;
				CLANG_WARN_ENUM_CONVERSION = YES;
				CLANG_WARN_INFINITE_RECURSION = YES;
				CLANG_WARN_INT_CONVERSION = YES;
				CLANG_WARN_NON_LITERAL_NULL_CONVERSION = YES;
				CLANG_WARN_OBJC_IMPLICIT_RETAIN_SELF = YES;
				CLANG_WARN_OBJC_LITERAL_CONVERSION = YES;
				CLANG_WARN_OBJC_ROOT_CLASS = YES_ERROR;
				CLANG_WARN_QUOTED_INCLUDE_IN_FRAMEWORK_HEADER = YES;
				CLANG_WARN_RANGE_LOOP_ANALYSIS = YES;
				CLANG_WARN_STRICT_PROTOTYPES = YES;
				CLANG_WARN_SUSPICIOUS_MOVE = YES;
				CLANG_WARN_UNGUARDED_AVAILABILITY = YES_AGGRESSIVE;
				CLANG_WARN_UNREACHABLE_CODE = YES;
				CLANG_WARN__DUPLICATE_METHOD_MATCH = YES;
				COPY_PHASE_STRIP = NO;
				DEBUG_INFORMATION_FORMAT = dwarf;
				ENABLE_STRICT_OBJC_MSGSEND = YES;
				ENABLE_TESTABILITY = YES;
				ENABLE_USER_SCRIPT_SANDBOXING = YES;
				GCC_C_LANGUAGE_STANDARD = gnu17;
				GCC_DYNAMIC_NO_PIC = NO;
				GCC_NO_COMMON_BLOCKS = YES;
				GCC_OPTIMIZATION_LEVEL = 0;
				GCC_PREPROCESSOR_DEFINITIONS = (
					"DEBUG=1",
					"$(inherited)",
				);
				GCC_WARN_64_TO_32_BIT_CONVERSION = YES;
				GCC_WARN_ABOUT_RETURN_TYPE = YES_ERROR;
				GCC_WARN_UNDECLARED_SELECTOR = YES;
				GCC_WARN_UNINITIALIZED_AUTOS = YES_AGGRESSIVE;
				GCC_WARN_UNUSED_FUNCTION = YES;
				GCC_WARN_UNUSED_VARIABLE = YES;
				IPHONEOS_DEPLOYMENT_TARGET = 17.2;
				LOCALIZATION_PREFERS_STRING_CATALOGS = YES;
				MTL_ENABLE_DEBUG_INFO = INCLUDE_SOURCE;
				MTL_FAST_MATH = YES;
				ONLY_ACTIVE_ARCH = YES;
				SDKROOT = iphoneos;
				SWIFT_ACTIVE_COMPILATION_CONDITIONS = "DEBUG $(inherited)";
				SWIFT_OPTIMIZATION_LEVEL = "-Onone";
			};
			name = Debug;
		};
		96992ED32B7724560083532E /* Release */ = {
			isa = XCBuildConfiguration;
			buildSettings = {
				ALWAYS_SEARCH_USER_PATHS = NO;
				ASSETCATALOG_COMPILER_GENERATE_SWIFT_ASSET_SYMBOL_EXTENSIONS = YES;
				CLANG_ANALYZER_NONNULL = YES;
				CLANG_ANALYZER_NUMBER_OBJECT_CONVERSION = YES_AGGRESSIVE;
				CLANG_CXX_LANGUAGE_STANDARD = "gnu++20";
				CLANG_ENABLE_MODULES = YES;
				CLANG_ENABLE_OBJC_ARC = YES;
				CLANG_ENABLE_OBJC_WEAK = YES;
				CLANG_WARN_BLOCK_CAPTURE_AUTORELEASING = YES;
				CLANG_WARN_BOOL_CONVERSION = YES;
				CLANG_WARN_COMMA = YES;
				CLANG_WARN_CONSTANT_CONVERSION = YES;
				CLANG_WARN_DEPRECATED_OBJC_IMPLEMENTATIONS = YES;
				CLANG_WARN_DIRECT_OBJC_ISA_USAGE = YES_ERROR;
				CLANG_WARN_DOCUMENTATION_COMMENTS = YES;
				CLANG_WARN_EMPTY_BODY = YES;
				CLANG_WARN_ENUM_CONVERSION = YES;
				CLANG_WARN_INFINITE_RECURSION = YES;
				CLANG_WARN_INT_CONVERSION = YES;
				CLANG_WARN_NON_LITERAL_NULL_CONVERSION = YES;
				CLANG_WARN_OBJC_IMPLICIT_RETAIN_SELF = YES;
				CLANG_WARN_OBJC_LITERAL_CONVERSION = YES;
				CLANG_WARN_OBJC_ROOT_CLASS = YES_ERROR;
				CLANG_WARN_QUOTED_INCLUDE_IN_FRAMEWORK_HEADER = YES;
				CLANG_WARN_RANGE_LOOP_ANALYSIS = YES;
				CLANG_WARN_STRICT_PROTOTYPES = YES;
				CLANG_WARN_SUSPICIOUS_MOVE = YES;
				CLANG_WARN_UNGUARDED_AVAILABILITY = YES_AGGRESSIVE;
				CLANG_WARN_UNREACHABLE_CODE = YES;
				CLANG_WARN__DUPLICATE_METHOD_MATCH = YES;
				COPY_PHASE_STRIP = NO;
				DEBUG_INFORMATION_FORMAT = "dwarf-with-dsym";
				ENABLE_NS_ASSERTIONS = NO;
				ENABLE_STRICT_OBJC_MSGSEND = YES;
				ENABLE_USER_SCRIPT_SANDBOXING = YES;
				GCC_C_LANGUAGE_STANDARD = gnu17;
				GCC_NO_COMMON_BLOCKS = YES;
				GCC_WARN_64_TO_32_BIT_CONVERSION = YES;
				GCC_WARN_ABOUT_RETURN_TYPE = YES_ERROR;
				GCC_WARN_UNDECLARED_SELECTOR = YES;
				GCC_WARN_UNINITIALIZED_AUTOS = YES_AGGRESSIVE;
				GCC_WARN_UNUSED_FUNCTION = YES;
				GCC_WARN_UNUSED_VARIABLE = YES;
				IPHONEOS_DEPLOYMENT_TARGET = 17.2;
				LOCALIZATION_PREFERS_STRING_CATALOGS = YES;
				MTL_ENABLE_DEBUG_INFO = NO;
				MTL_FAST_MATH = YES;
				SDKROOT = iphoneos;
				SWIFT_COMPILATION_MODE = wholemodule;
				VALIDATE_PRODUCT = YES;
			};
			name = Release;
		};
		96992ED52B7724560083532E /* Debug */ = {
			isa = XCBuildConfiguration;
			buildSettings = {
				ASSETCATALOG_COMPILER_APPICON_NAME = AppIcon;
				ASSETCATALOG_COMPILER_GLOBAL_ACCENT_COLOR_NAME = AccentColor;
				CODE_SIGN_STYLE = Automatic;
				CURRENT_PROJECT_VERSION = 1;
				DEVELOPMENT_ASSET_PATHS = "\"WorldTourGuide/Preview Content\"";
				DEVELOPMENT_TEAM = 7PL3GNXND7;
				ENABLE_PREVIEWS = YES;
				GENERATE_INFOPLIST_FILE = YES;
				INFOPLIST_KEY_UIApplicationSceneManifest_Generation = YES;
				INFOPLIST_KEY_UIApplicationSupportsIndirectInputEvents = YES;
				INFOPLIST_KEY_UILaunchScreen_Generation = YES;
				INFOPLIST_KEY_UISupportedInterfaceOrientations_iPad = "UIInterfaceOrientationPortrait UIInterfaceOrientationPortraitUpsideDown UIInterfaceOrientationLandscapeLeft UIInterfaceOrientationLandscapeRight";
				INFOPLIST_KEY_UISupportedInterfaceOrientations_iPhone = "UIInterfaceOrientationPortrait UIInterfaceOrientationLandscapeLeft UIInterfaceOrientationLandscapeRight";
				LD_RUNPATH_SEARCH_PATHS = (
					"$(inherited)",
					"@executable_path/Frameworks",
				);
				MARKETING_VERSION = 1.0;
				PRODUCT_BUNDLE_IDENTIFIER = BaihongBao.WorldTourGuide;
				PRODUCT_NAME = "$(TARGET_NAME)";
				SWIFT_EMIT_LOC_STRINGS = YES;
				SWIFT_VERSION = 5.0;
				TARGETED_DEVICE_FAMILY = "1,2";
			};
			name = Debug;
		};
		96992ED62B7724560083532E /* Release */ = {
			isa = XCBuildConfiguration;
			buildSettings = {
				ASSETCATALOG_COMPILER_APPICON_NAME = AppIcon;
				ASSETCATALOG_COMPILER_GLOBAL_ACCENT_COLOR_NAME = AccentColor;
				CODE_SIGN_STYLE = Automatic;
				CURRENT_PROJECT_VERSION = 1;
				DEVELOPMENT_ASSET_PATHS = "\"WorldTourGuide/Preview Content\"";
				DEVELOPMENT_TEAM = 7PL3GNXND7;
				ENABLE_PREVIEWS = YES;
				GENERATE_INFOPLIST_FILE = YES;
				INFOPLIST_KEY_UIApplicationSceneManifest_Generation = YES;
				INFOPLIST_KEY_UIApplicationSupportsIndirectInputEvents = YES;
				INFOPLIST_KEY_UILaunchScreen_Generation = YES;
				INFOPLIST_KEY_UISupportedInterfaceOrientations_iPad = "UIInterfaceOrientationPortrait UIInterfaceOrientationPortraitUpsideDown UIInterfaceOrientationLandscapeLeft UIInterfaceOrientationLandscapeRight";
				INFOPLIST_KEY_UISupportedInterfaceOrientations_iPhone = "UIInterfaceOrientationPortrait UIInterfaceOrientationLandscapeLeft UIInterfaceOrientationLandscapeRight";
				LD_RUNPATH_SEARCH_PATHS = (
					"$(inherited)",
					"@executable_path/Frameworks",
				);
				MARKETING_VERSION = 1.0;
				PRODUCT_BUNDLE_IDENTIFIER = BaihongBao.WorldTourGuide;
				PRODUCT_NAME = "$(TARGET_NAME)";
				SWIFT_EMIT_LOC_STRINGS = YES;
				SWIFT_VERSION = 5.0;
				TARGETED_DEVICE_FAMILY = "1,2";
			};
			name = Release;
		};
/* End XCBuildConfiguration section */

/* Begin XCConfigurationList section */
		96992EC12B7724550083532E /* Build configuration list for PBXProject "WorldTourGuide" */ = {
			isa = XCConfigurationList;
			buildConfigurations = (
				96992ED22B7724560083532E /* Debug */,
				96992ED32B7724560083532E /* Release */,
			);
			defaultConfigurationIsVisible = 0;
			defaultConfigurationName = Release;
		};
		96992ED42B7724560083532E /* Build configuration list for PBXNativeTarget "WorldTourGuide" */ = {
			isa = XCConfigurationList;
			buildConfigurations = (
				96992ED52B7724560083532E /* Debug */,
				96992ED62B7724560083532E /* Release */,
			);
			defaultConfigurationIsVisible = 0;
			defaultConfigurationName = Release;
		};
/* End XCConfigurationList section */
	};
	rootObject = 96992EBE2B7724550083532E /* Project object */;
}
